// !$*UTF8*$!
{
	archiveVersion = 1;
	classes = {
	};
	objectVersion = 50;
	objects = {

/* Begin PBXBuildFile section */
		F9902BEB264171540040A656 /* AppDelegate.swift in Sources */ = {isa = PBXBuildFile; fileRef = F9902BEA264171540040A656 /* AppDelegate.swift */; };
		F9902BED264171540040A656 /* SceneDelegate.swift in Sources */ = {isa = PBXBuildFile; fileRef = F9902BEC264171540040A656 /* SceneDelegate.swift */; };
		F9902BEF264171540040A656 /* ContentView.swift in Sources */ = {isa = PBXBuildFile; fileRef = F9902BEE264171540040A656 /* ContentView.swift */; };
		F9902BF2264171540040A656 /* SimpleSpeedometer.xcdatamodeld in Sources */ = {isa = PBXBuildFile; fileRef = F9902BF0264171540040A656 /* SimpleSpeedometer.xcdatamodeld */; };
		F9902BF4264171560040A656 /* Assets.xcassets in Resources */ = {isa = PBXBuildFile; fileRef = F9902BF3264171560040A656 /* Assets.xcassets */; };
		F9902BF7264171560040A656 /* Preview Assets.xcassets in Resources */ = {isa = PBXBuildFile; fileRef = F9902BF6264171560040A656 /* Preview Assets.xcassets */; };
		F9902BFA264171560040A656 /* LaunchScreen.storyboard in Resources */ = {isa = PBXBuildFile; fileRef = F9902BF8264171560040A656 /* LaunchScreen.storyboard */; };
		F9902C05264171560040A656 /* SimpleSpeedometerTests.swift in Sources */ = {isa = PBXBuildFile; fileRef = F9902C04264171560040A656 /* SimpleSpeedometerTests.swift */; };
		F9902C10264171560040A656 /* SimpleSpeedometerUITests.swift in Sources */ = {isa = PBXBuildFile; fileRef = F9902C0F264171560040A656 /* SimpleSpeedometerUITests.swift */; };
		F9902C20264243B70040A656 /* LocationHelper.swift in Sources */ = {isa = PBXBuildFile; fileRef = F9902C1F264243B70040A656 /* LocationHelper.swift */; };
		F9902C222642457C0040A656 /* MainViewModel.swift in Sources */ = {isa = PBXBuildFile; fileRef = F9902C212642457C0040A656 /* MainViewModel.swift */; };
/* End PBXBuildFile section */

/* Begin PBXContainerItemProxy section */
		F9902C01264171560040A656 /* PBXContainerItemProxy */ = {
			isa = PBXContainerItemProxy;
			containerPortal = F9902BDF264171530040A656 /* Project object */;
			proxyType = 1;
			remoteGlobalIDString = F9902BE6264171530040A656;
			remoteInfo = SimpleSpeedometer;
		};
		F9902C0C264171560040A656 /* PBXContainerItemProxy */ = {
			isa = PBXContainerItemProxy;
			containerPortal = F9902BDF264171530040A656 /* Project object */;
			proxyType = 1;
			remoteGlobalIDString = F9902BE6264171530040A656;
			remoteInfo = SimpleSpeedometer;
		};
/* End PBXContainerItemProxy section */

/* Begin PBXFileReference section */
		F9902BE7264171540040A656 /* SimpleSpeedometer.app */ = {isa = PBXFileReference; explicitFileType = wrapper.application; includeInIndex = 0; path = SimpleSpeedometer.app; sourceTree = BUILT_PRODUCTS_DIR; };
		F9902BEA264171540040A656 /* AppDelegate.swift */ = {isa = PBXFileReference; lastKnownFileType = sourcecode.swift; path = AppDelegate.swift; sourceTree = "<group>"; };
		F9902BEC264171540040A656 /* SceneDelegate.swift */ = {isa = PBXFileReference; lastKnownFileType = sourcecode.swift; path = SceneDelegate.swift; sourceTree = "<group>"; };
		F9902BEE264171540040A656 /* ContentView.swift */ = {isa = PBXFileReference; lastKnownFileType = sourcecode.swift; path = ContentView.swift; sourceTree = "<group>"; };
		F9902BF1264171540040A656 /* SimpleSpeedometer.xcdatamodel */ = {isa = PBXFileReference; lastKnownFileType = wrapper.xcdatamodel; path = SimpleSpeedometer.xcdatamodel; sourceTree = "<group>"; };
		F9902BF3264171560040A656 /* Assets.xcassets */ = {isa = PBXFileReference; lastKnownFileType = folder.assetcatalog; path = Assets.xcassets; sourceTree = "<group>"; };
		F9902BF6264171560040A656 /* Preview Assets.xcassets */ = {isa = PBXFileReference; lastKnownFileType = folder.assetcatalog; path = "Preview Assets.xcassets"; sourceTree = "<group>"; };
		F9902BF9264171560040A656 /* Base */ = {isa = PBXFileReference; lastKnownFileType = file.storyboard; name = Base; path = Base.lproj/LaunchScreen.storyboard; sourceTree = "<group>"; };
		F9902BFB264171560040A656 /* Info.plist */ = {isa = PBXFileReference; lastKnownFileType = text.plist.xml; path = Info.plist; sourceTree = "<group>"; };
		F9902C00264171560040A656 /* SimpleSpeedometerTests.xctest */ = {isa = PBXFileReference; explicitFileType = wrapper.cfbundle; includeInIndex = 0; path = SimpleSpeedometerTests.xctest; sourceTree = BUILT_PRODUCTS_DIR; };
		F9902C04264171560040A656 /* SimpleSpeedometerTests.swift */ = {isa = PBXFileReference; lastKnownFileType = sourcecode.swift; path = SimpleSpeedometerTests.swift; sourceTree = "<group>"; };
		F9902C06264171560040A656 /* Info.plist */ = {isa = PBXFileReference; lastKnownFileType = text.plist.xml; path = Info.plist; sourceTree = "<group>"; };
		F9902C0B264171560040A656 /* SimpleSpeedometerUITests.xctest */ = {isa = PBXFileReference; explicitFileType = wrapper.cfbundle; includeInIndex = 0; path = SimpleSpeedometerUITests.xctest; sourceTree = BUILT_PRODUCTS_DIR; };
		F9902C0F264171560040A656 /* SimpleSpeedometerUITests.swift */ = {isa = PBXFileReference; lastKnownFileType = sourcecode.swift; path = SimpleSpeedometerUITests.swift; sourceTree = "<group>"; };
		F9902C11264171560040A656 /* Info.plist */ = {isa = PBXFileReference; lastKnownFileType = text.plist.xml; path = Info.plist; sourceTree = "<group>"; };
		F9902C1F264243B70040A656 /* LocationHelper.swift */ = {isa = PBXFileReference; lastKnownFileType = sourcecode.swift; path = LocationHelper.swift; sourceTree = "<group>"; };
		F9902C212642457C0040A656 /* MainViewModel.swift */ = {isa = PBXFileReference; lastKnownFileType = sourcecode.swift; path = MainViewModel.swift; sourceTree = "<group>"; };
/* End PBXFileReference section */

/* Begin PBXFrameworksBuildPhase section */
		F9902BE4264171530040A656 /* Frameworks */ = {
			isa = PBXFrameworksBuildPhase;
			buildActionMask = 2147483647;
			files = (
			);
			runOnlyForDeploymentPostprocessing = 0;
		};
		F9902BFD264171560040A656 /* Frameworks */ = {
			isa = PBXFrameworksBuildPhase;
			buildActionMask = 2147483647;
			files = (
			);
			runOnlyForDeploymentPostprocessing = 0;
		};
		F9902C08264171560040A656 /* Frameworks */ = {
			isa = PBXFrameworksBuildPhase;
			buildActionMask = 2147483647;
			files = (
			);
			runOnlyForDeploymentPostprocessing = 0;
		};
/* End PBXFrameworksBuildPhase section */

/* Begin PBXGroup section */
		F9902BDE264171530040A656 = {
			isa = PBXGroup;
			children = (
				F9902BE9264171540040A656 /* SimpleSpeedometer */,
				F9902C03264171560040A656 /* SimpleSpeedometerTests */,
				F9902C0E264171560040A656 /* SimpleSpeedometerUITests */,
				F9902BE8264171540040A656 /* Products */,
			);
			sourceTree = "<group>";
		};
		F9902BE8264171540040A656 /* Products */ = {
			isa = PBXGroup;
			children = (
				F9902BE7264171540040A656 /* SimpleSpeedometer.app */,
				F9902C00264171560040A656 /* SimpleSpeedometerTests.xctest */,
				F9902C0B264171560040A656 /* SimpleSpeedometerUITests.xctest */,
			);
			name = Products;
			sourceTree = "<group>";
		};
		F9902BE9264171540040A656 /* SimpleSpeedometer */ = {
			isa = PBXGroup;
			children = (
				F9902C1E26423C8D0040A656 /* ViewModel */,
				F9902C1D26423C820040A656 /* Helper */,
				F9902BEA264171540040A656 /* AppDelegate.swift */,
				F9902BEC264171540040A656 /* SceneDelegate.swift */,
				F9902BEE264171540040A656 /* ContentView.swift */,
				F9902BF3264171560040A656 /* Assets.xcassets */,
				F9902BF8264171560040A656 /* LaunchScreen.storyboard */,
				F9902BFB264171560040A656 /* Info.plist */,
				F9902BF0264171540040A656 /* SimpleSpeedometer.xcdatamodeld */,
				F9902BF5264171560040A656 /* Preview Content */,
			);
			path = SimpleSpeedometer;
			sourceTree = "<group>";
		};
		F9902BF5264171560040A656 /* Preview Content */ = {
			isa = PBXGroup;
			children = (
				F9902BF6264171560040A656 /* Preview Assets.xcassets */,
			);
			path = "Preview Content";
			sourceTree = "<group>";
		};
		F9902C03264171560040A656 /* SimpleSpeedometerTests */ = {
			isa = PBXGroup;
			children = (
				F9902C04264171560040A656 /* SimpleSpeedometerTests.swift */,
				F9902C06264171560040A656 /* Info.plist */,
			);
			path = SimpleSpeedometerTests;
			sourceTree = "<group>";
		};
		F9902C0E264171560040A656 /* SimpleSpeedometerUITests */ = {
			isa = PBXGroup;
			children = (
				F9902C0F264171560040A656 /* SimpleSpeedometerUITests.swift */,
				F9902C11264171560040A656 /* Info.plist */,
			);
			path = SimpleSpeedometerUITests;
			sourceTree = "<group>";
		};
		F9902C1D26423C820040A656 /* Helper */ = {
			isa = PBXGroup;
			children = (
				F9902C1F264243B70040A656 /* LocationHelper.swift */,
			);
			path = Helper;
			sourceTree = "<group>";
		};
		F9902C1E26423C8D0040A656 /* ViewModel */ = {
			isa = PBXGroup;
			children = (
				F9902C212642457C0040A656 /* MainViewModel.swift */,
			);
			path = ViewModel;
			sourceTree = "<group>";
		};
/* End PBXGroup section */

/* Begin PBXNativeTarget section */
		F9902BE6264171530040A656 /* SimpleSpeedometer */ = {
			isa = PBXNativeTarget;
			buildConfigurationList = F9902C14264171560040A656 /* Build configuration list for PBXNativeTarget "SimpleSpeedometer" */;
			buildPhases = (
				F9902BE3264171530040A656 /* Sources */,
				F9902BE4264171530040A656 /* Frameworks */,
				F9902BE5264171530040A656 /* Resources */,
			);
			buildRules = (
			);
			dependencies = (
			);
			name = SimpleSpeedometer;
			productName = SimpleSpeedometer;
			productReference = F9902BE7264171540040A656 /* SimpleSpeedometer.app */;
			productType = "com.apple.product-type.application";
		};
		F9902BFF264171560040A656 /* SimpleSpeedometerTests */ = {
			isa = PBXNativeTarget;
			buildConfigurationList = F9902C17264171560040A656 /* Build configuration list for PBXNativeTarget "SimpleSpeedometerTests" */;
			buildPhases = (
				F9902BFC264171560040A656 /* Sources */,
				F9902BFD264171560040A656 /* Frameworks */,
				F9902BFE264171560040A656 /* Resources */,
			);
			buildRules = (
			);
			dependencies = (
				F9902C02264171560040A656 /* PBXTargetDependency */,
			);
			name = SimpleSpeedometerTests;
			productName = SimpleSpeedometerTests;
			productReference = F9902C00264171560040A656 /* SimpleSpeedometerTests.xctest */;
			productType = "com.apple.product-type.bundle.unit-test";
		};
		F9902C0A264171560040A656 /* SimpleSpeedometerUITests */ = {
			isa = PBXNativeTarget;
			buildConfigurationList = F9902C1A264171560040A656 /* Build configuration list for PBXNativeTarget "SimpleSpeedometerUITests" */;
			buildPhases = (
				F9902C07264171560040A656 /* Sources */,
				F9902C08264171560040A656 /* Frameworks */,
				F9902C09264171560040A656 /* Resources */,
			);
			buildRules = (
			);
			dependencies = (
				F9902C0D264171560040A656 /* PBXTargetDependency */,
			);
			name = SimpleSpeedometerUITests;
			productName = SimpleSpeedometerUITests;
			productReference = F9902C0B264171560040A656 /* SimpleSpeedometerUITests.xctest */;
			productType = "com.apple.product-type.bundle.ui-testing";
		};
/* End PBXNativeTarget section */

/* Begin PBXProject section */
		F9902BDF264171530040A656 /* Project object */ = {
			isa = PBXProject;
			attributes = {
				LastSwiftUpdateCheck = 1250;
				LastUpgradeCheck = 1250;
				TargetAttributes = {
					F9902BE6264171530040A656 = {
						CreatedOnToolsVersion = 12.5;
					};
					F9902BFF264171560040A656 = {
						CreatedOnToolsVersion = 12.5;
						TestTargetID = F9902BE6264171530040A656;
					};
					F9902C0A264171560040A656 = {
						CreatedOnToolsVersion = 12.5;
						TestTargetID = F9902BE6264171530040A656;
					};
				};
			};
			buildConfigurationList = F9902BE2264171530040A656 /* Build configuration list for PBXProject "SimpleSpeedometer" */;
			compatibilityVersion = "Xcode 9.3";
			developmentRegion = en;
			hasScannedForEncodings = 0;
			knownRegions = (
				en,
				Base,
			);
			mainGroup = F9902BDE264171530040A656;
			productRefGroup = F9902BE8264171540040A656 /* Products */;
			projectDirPath = "";
			projectRoot = "";
			targets = (
				F9902BE6264171530040A656 /* SimpleSpeedometer */,
				F9902BFF264171560040A656 /* SimpleSpeedometerTests */,
				F9902C0A264171560040A656 /* SimpleSpeedometerUITests */,
			);
		};
/* End PBXProject section */

/* Begin PBXResourcesBuildPhase section */
		F9902BE5264171530040A656 /* Resources */ = {
			isa = PBXResourcesBuildPhase;
			buildActionMask = 2147483647;
			files = (
				F9902BFA264171560040A656 /* LaunchScreen.storyboard in Resources */,
				F9902BF7264171560040A656 /* Preview Assets.xcassets in Resources */,
				F9902BF4264171560040A656 /* Assets.xcassets in Resources */,
			);
			runOnlyForDeploymentPostprocessing = 0;
		};
		F9902BFE264171560040A656 /* Resources */ = {
			isa = PBXResourcesBuildPhase;
			buildActionMask = 2147483647;
			files = (
			);
			runOnlyForDeploymentPostprocessing = 0;
		};
		F9902C09264171560040A656 /* Resources */ = {
			isa = PBXResourcesBuildPhase;
			buildActionMask = 2147483647;
			files = (
			);
			runOnlyForDeploymentPostprocessing = 0;
		};
/* End PBXResourcesBuildPhase section */

/* Begin PBXSourcesBuildPhase section */
		F9902BE3264171530040A656 /* Sources */ = {
			isa = PBXSourcesBuildPhase;
			buildActionMask = 2147483647;
			files = (
				F9902BEB264171540040A656 /* AppDelegate.swift in Sources */,
				F9902BF2264171540040A656 /* SimpleSpeedometer.xcdatamodeld in Sources */,
				F9902BED264171540040A656 /* SceneDelegate.swift in Sources */,
				F9902BEF264171540040A656 /* ContentView.swift in Sources */,
				F9902C20264243B70040A656 /* LocationHelper.swift in Sources */,
				F9902C222642457C0040A656 /* MainViewModel.swift in Sources */,
			);
			runOnlyForDeploymentPostprocessing = 0;
		};
		F9902BFC264171560040A656 /* Sources */ = {
			isa = PBXSourcesBuildPhase;
			buildActionMask = 2147483647;
			files = (
				F9902C05264171560040A656 /* SimpleSpeedometerTests.swift in Sources */,
			);
			runOnlyForDeploymentPostprocessing = 0;
		};
		F9902C07264171560040A656 /* Sources */ = {
			isa = PBXSourcesBuildPhase;
			buildActionMask = 2147483647;
			files = (
				F9902C10264171560040A656 /* SimpleSpeedometerUITests.swift in Sources */,
			);
			runOnlyForDeploymentPostprocessing = 0;
		};
/* End PBXSourcesBuildPhase section */

/* Begin PBXTargetDependency section */
		F9902C02264171560040A656 /* PBXTargetDependency */ = {
			isa = PBXTargetDependency;
			target = F9902BE6264171530040A656 /* SimpleSpeedometer */;
			targetProxy = F9902C01264171560040A656 /* PBXContainerItemProxy */;
		};
		F9902C0D264171560040A656 /* PBXTargetDependency */ = {
			isa = PBXTargetDependency;
			target = F9902BE6264171530040A656 /* SimpleSpeedometer */;
			targetProxy = F9902C0C264171560040A656 /* PBXContainerItemProxy */;
		};
/* End PBXTargetDependency section */

/* Begin PBXVariantGroup section */
		F9902BF8264171560040A656 /* LaunchScreen.storyboard */ = {
			isa = PBXVariantGroup;
			children = (
				F9902BF9264171560040A656 /* Base */,
			);
			name = LaunchScreen.storyboard;
			sourceTree = "<group>";
		};
/* End PBXVariantGroup section */

/* Begin XCBuildConfiguration section */
		F9902C12264171560040A656 /* Debug */ = {
			isa = XCBuildConfiguration;
			buildSettings = {
				ALWAYS_SEARCH_USER_PATHS = NO;
				CLANG_ANALYZER_NONNULL = YES;
				CLANG_ANALYZER_NUMBER_OBJECT_CONVERSION = YES_AGGRESSIVE;
				CLANG_CXX_LANGUAGE_STANDARD = "gnu++14";
				CLANG_CXX_LIBRARY = "libc++";
				CLANG_ENABLE_MODULES = YES;
				CLANG_ENABLE_OBJC_ARC = YES;
				CLANG_ENABLE_OBJC_WEAK = YES;
				CLANG_WARN_BLOCK_CAPTURE_AUTORELEASING = YES;
				CLANG_WARN_BOOL_CONVERSION = YES;
				CLANG_WARN_COMMA = YES;
				CLANG_WARN_CONSTANT_CONVERSION = YES;
				CLANG_WARN_DEPRECATED_OBJC_IMPLEMENTATIONS = YES;
				CLANG_WARN_DIRECT_OBJC_ISA_USAGE = YES_ERROR;
				CLANG_WARN_DOCUMENTATION_COMMENTS = YES;
				CLANG_WARN_EMPTY_BODY = YES;
				CLANG_WARN_ENUM_CONVERSION = YES;
				CLANG_WARN_INFINITE_RECURSION = YES;
				CLANG_WARN_INT_CONVERSION = YES;
				CLANG_WARN_NON_LITERAL_NULL_CONVERSION = YES;
				CLANG_WARN_OBJC_IMPLICIT_RETAIN_SELF = YES;
				CLANG_WARN_OBJC_LITERAL_CONVERSION = YES;
				CLANG_WARN_OBJC_ROOT_CLASS = YES_ERROR;
				CLANG_WARN_QUOTED_INCLUDE_IN_FRAMEWORK_HEADER = YES;
				CLANG_WARN_RANGE_LOOP_ANALYSIS = YES;
				CLANG_WARN_STRICT_PROTOTYPES = YES;
				CLANG_WARN_SUSPICIOUS_MOVE = YES;
				CLANG_WARN_UNGUARDED_AVAILABILITY = YES_AGGRESSIVE;
				CLANG_WARN_UNREACHABLE_CODE = YES;
				CLANG_WARN__DUPLICATE_METHOD_MATCH = YES;
				COPY_PHASE_STRIP = NO;
				DEBUG_INFORMATION_FORMAT = dwarf;
				ENABLE_STRICT_OBJC_MSGSEND = YES;
				ENABLE_TESTABILITY = YES;
				GCC_C_LANGUAGE_STANDARD = gnu11;
				GCC_DYNAMIC_NO_PIC = NO;
				GCC_NO_COMMON_BLOCKS = YES;
				GCC_OPTIMIZATION_LEVEL = 0;
				GCC_PREPROCESSOR_DEFINITIONS = (
					"DEBUG=1",
					"$(inherited)",
				);
				GCC_WARN_64_TO_32_BIT_CONVERSION = YES;
				GCC_WARN_ABOUT_RETURN_TYPE = YES_ERROR;
				GCC_WARN_UNDECLARED_SELECTOR = YES;
				GCC_WARN_UNINITIALIZED_AUTOS = YES_AGGRESSIVE;
				GCC_WARN_UNUSED_FUNCTION = YES;
				GCC_WARN_UNUSED_VARIABLE = YES;
				IPHONEOS_DEPLOYMENT_TARGET = 14.5;
				MTL_ENABLE_DEBUG_INFO = INCLUDE_SOURCE;
				MTL_FAST_MATH = YES;
				ONLY_ACTIVE_ARCH = YES;
				SDKROOT = iphoneos;
				SWIFT_ACTIVE_COMPILATION_CONDITIONS = DEBUG;
				SWIFT_OPTIMIZATION_LEVEL = "-Onone";
			};
			name = Debug;
		};
		F9902C13264171560040A656 /* Release */ = {
			isa = XCBuildConfiguration;
			buildSettings = {
				ALWAYS_SEARCH_USER_PATHS = NO;
				CLANG_ANALYZER_NONNULL = YES;
				CLANG_ANALYZER_NUMBER_OBJECT_CONVERSION = YES_AGGRESSIVE;
				CLANG_CXX_LANGUAGE_STANDARD = "gnu++14";
				CLANG_CXX_LIBRARY = "libc++";
				CLANG_ENABLE_MODULES = YES;
				CLANG_ENABLE_OBJC_ARC = YES;
				CLANG_ENABLE_OBJC_WEAK = YES;
				CLANG_WARN_BLOCK_CAPTURE_AUTORELEASING = YES;
				CLANG_WARN_BOOL_CONVERSION = YES;
				CLANG_WARN_COMMA = YES;
				CLANG_WARN_CONSTANT_CONVERSION = YES;
				CLANG_WARN_DEPRECATED_OBJC_IMPLEMENTATIONS = YES;
				CLANG_WARN_DIRECT_OBJC_ISA_USAGE = YES_ERROR;
				CLANG_WARN_DOCUMENTATION_COMMENTS = YES;
				CLANG_WARN_EMPTY_BODY = YES;
				CLANG_WARN_ENUM_CONVERSION = YES;
				CLANG_WARN_INFINITE_RECURSION = YES;
				CLANG_WARN_INT_CONVERSION = YES;
				CLANG_WARN_NON_LITERAL_NULL_CONVERSION = YES;
				CLANG_WARN_OBJC_IMPLICIT_RETAIN_SELF = YES;
				CLANG_WARN_OBJC_LITERAL_CONVERSION = YES;
				CLANG_WARN_OBJC_ROOT_CLASS = YES_ERROR;
				CLANG_WARN_QUOTED_INCLUDE_IN_FRAMEWORK_HEADER = YES;
				CLANG_WARN_RANGE_LOOP_ANALYSIS = YES;
				CLANG_WARN_STRICT_PROTOTYPES = YES;
				CLANG_WARN_SUSPICIOUS_MOVE = YES;
				CLANG_WARN_UNGUARDED_AVAILABILITY = YES_AGGRESSIVE;
				CLANG_WARN_UNREACHABLE_CODE = YES;
				CLANG_WARN__DUPLICATE_METHOD_MATCH = YES;
				COPY_PHASE_STRIP = NO;
				DEBUG_INFORMATION_FORMAT = "dwarf-with-dsym";
				ENABLE_NS_ASSERTIONS = NO;
				ENABLE_STRICT_OBJC_MSGSEND = YES;
				GCC_C_LANGUAGE_STANDARD = gnu11;
				GCC_NO_COMMON_BLOCKS = YES;
				GCC_WARN_64_TO_32_BIT_CONVERSION = YES;
				GCC_WARN_ABOUT_RETURN_TYPE = YES_ERROR;
				GCC_WARN_UNDECLARED_SELECTOR = YES;
				GCC_WARN_UNINITIALIZED_AUTOS = YES_AGGRESSIVE;
				GCC_WARN_UNUSED_FUNCTION = YES;
				GCC_WARN_UNUSED_VARIABLE = YES;
				IPHONEOS_DEPLOYMENT_TARGET = 14.5;
				MTL_ENABLE_DEBUG_INFO = NO;
				MTL_FAST_MATH = YES;
				SDKROOT = iphoneos;
				SWIFT_COMPILATION_MODE = wholemodule;
				SWIFT_OPTIMIZATION_LEVEL = "-O";
				VALIDATE_PRODUCT = YES;
			};
			name = Release;
		};
		F9902C15264171560040A656 /* Debug */ = {
			isa = XCBuildConfiguration;
			buildSettings = {
				ASSETCATALOG_COMPILER_APPICON_NAME = AppIcon;
				ASSETCATALOG_COMPILER_GLOBAL_ACCENT_COLOR_NAME = AccentColor;
				CODE_SIGN_STYLE = Automatic;
				DEVELOPMENT_ASSET_PATHS = "\"SimpleSpeedometer/Preview Content\"";
				DEVELOPMENT_TEAM = UAEL4H37J9;
				ENABLE_PREVIEWS = YES;
				INFOPLIST_FILE = SimpleSpeedometer/Info.plist;
				IPHONEOS_DEPLOYMENT_TARGET = 14.1;
				LD_RUNPATH_SEARCH_PATHS = (
					"$(inherited)",
					"@executable_path/Frameworks",
				);
				PRODUCT_BUNDLE_IDENTIFIER = nagoya.kyoto.SimpleSpeedometer;
				PRODUCT_NAME = "$(TARGET_NAME)";
				SWIFT_VERSION = 5.0;
				TARGETED_DEVICE_FAMILY = "1,2";
			};
			name = Debug;
		};
		F9902C16264171560040A656 /* Release */ = {
			isa = XCBuildConfiguration;
			buildSettings = {
				ASSETCATALOG_COMPILER_APPICON_NAME = AppIcon;
				ASSETCATALOG_COMPILER_GLOBAL_ACCENT_COLOR_NAME = AccentColor;
				CODE_SIGN_STYLE = Automatic;
				DEVELOPMENT_ASSET_PATHS = "\"SimpleSpeedometer/Preview Content\"";
				DEVELOPMENT_TEAM = UAEL4H37J9;
				ENABLE_PREVIEWS = YES;
				INFOPLIST_FILE = SimpleSpeedometer/Info.plist;
				IPHONEOS_DEPLOYMENT_TARGET = 14.1;
				LD_RUNPATH_SEARCH_PATHS = (
					"$(inherited)",
					"@executable_path/Frameworks",
				);
				PRODUCT_BUNDLE_IDENTIFIER = nagoya.kyoto.SimpleSpeedometer;
				PRODUCT_NAME = "$(TARGET_NAME)";
				SWIFT_VERSION = 5.0;
				TARGETED_DEVICE_FAMILY = "1,2";
			};
			name = Release;
		};
		F9902C18264171560040A656 /* Debug */ = {
			isa = XCBuildConfiguration;
			buildSettings = {
				ALWAYS_EMBED_SWIFT_STANDARD_LIBRARIES = YES;
				BUNDLE_LOADER = "$(TEST_HOST)";
				CODE_SIGN_STYLE = Automatic;
				DEVELOPMENT_TEAM = UAEL4H37J9;
				INFOPLIST_FILE = SimpleSpeedometerTests/Info.plist;
				IPHONEOS_DEPLOYMENT_TARGET = 14.5;
				LD_RUNPATH_SEARCH_PATHS = (
					"$(inherited)",
					"@executable_path/Frameworks",
					"@loader_path/Frameworks",
				);
				PRODUCT_BUNDLE_IDENTIFIER = nagoya.kyoto.SimpleSpeedometerTests;
				PRODUCT_NAME = "$(TARGET_NAME)";
				SWIFT_VERSION = 5.0;
				TARGETED_DEVICE_FAMILY = "1,2";
				TEST_HOST = "$(BUILT_PRODUCTS_DIR)/SimpleSpeedometer.app/SimpleSpeedometer";
			};
			name = Debug;
		};
		F9902C19264171560040A656 /* Release */ = {
			isa = XCBuildConfiguration;
			buildSettings = {
				ALWAYS_EMBED_SWIFT_STANDARD_LIBRARIES = YES;
				BUNDLE_LOADER = "$(TEST_HOST)";
				CODE_SIGN_STYLE = Automatic;
				DEVELOPMENT_TEAM = UAEL4H37J9;
				INFOPLIST_FILE = SimpleSpeedometerTests/Info.plist;
				IPHONEOS_DEPLOYMENT_TARGET = 14.5;
				LD_RUNPATH_SEARCH_PATHS = (
					"$(inherited)",
					"@executable_path/Frameworks",
					"@loader_path/Frameworks",
				);
				PRODUCT_BUNDLE_IDENTIFIER = nagoya.kyoto.SimpleSpeedometerTests;
				PRODUCT_NAME = "$(TARGET_NAME)";
				SWIFT_VERSION = 5.0;
				TARGETED_DEVICE_FAMILY = "1,2";
				TEST_HOST = "$(BUILT_PRODUCTS_DIR)/SimpleSpeedometer.app/SimpleSpeedometer";
			};
			name = Release;
		};
		F9902C1B264171560040A656 /* Debug */ = {
			isa = XCBuildConfiguration;
			buildSettings = {
				ALWAYS_EMBED_SWIFT_STANDARD_LIBRARIES = YES;
				CODE_SIGN_STYLE = Automatic;
				DEVELOPMENT_TEAM = UAEL4H37J9;
				INFOPLIST_FILE = SimpleSpeedometerUITests/Info.plist;
				LD_RUNPATH_SEARCH_PATHS = (
					"$(inherited)",
					"@executable_path/Frameworks",
					"@loader_path/Frameworks",
				);
				PRODUCT_BUNDLE_IDENTIFIER = nagoya.kyoto.SimpleSpeedometerUITests;
				PRODUCT_NAME = "$(TARGET_NAME)";
				SWIFT_VERSION = 5.0;
				TARGETED_DEVICE_FAMILY = "1,2";
				TEST_TARGET_NAME = SimpleSpeedometer;
			};
			name = Debug;
		};
		F9902C1C264171560040A656 /* Release */ = {
			isa = XCBuildConfiguration;
			buildSettings = {
				ALWAYS_EMBED_SWIFT_STANDARD_LIBRARIES = YES;
				CODE_SIGN_STYLE = Automatic;
				DEVELOPMENT_TEAM = UAEL4H37J9;
				INFOPLIST_FILE = SimpleSpeedometerUITests/Info.plist;
				LD_RUNPATH_SEARCH_PATHS = (
					"$(inherited)",
					"@executable_path/Frameworks",
					"@loader_path/Frameworks",
				);
				PRODUCT_BUNDLE_IDENTIFIER = nagoya.kyoto.SimpleSpeedometerUITests;
				PRODUCT_NAME = "$(TARGET_NAME)";
				SWIFT_VERSION = 5.0;
				TARGETED_DEVICE_FAMILY = "1,2";
				TEST_TARGET_NAME = SimpleSpeedometer;
			};
			name = Release;
		};
/* End XCBuildConfiguration section */

/* Begin XCConfigurationList section */
		F9902BE2264171530040A656 /* Build configuration list for PBXProject "SimpleSpeedometer" */ = {
			isa = XCConfigurationList;
			buildConfigurations = (
				F9902C12264171560040A656 /* Debug */,
				F9902C13264171560040A656 /* Release */,
			);
			defaultConfigurationIsVisible = 0;
			defaultConfigurationName = Release;
		};
		F9902C14264171560040A656 /* Build configuration list for PBXNativeTarget "SimpleSpeedometer" */ = {
			isa = XCConfigurationList;
			buildConfigurations = (
				F9902C15264171560040A656 /* Debug */,
				F9902C16264171560040A656 /* Release */,
			);
			defaultConfigurationIsVisible = 0;
			defaultConfigurationName = Release;
		};
		F9902C17264171560040A656 /* Build configuration list for PBXNativeTarget "SimpleSpeedometerTests" */ = {
			isa = XCConfigurationList;
			buildConfigurations = (
				F9902C18264171560040A656 /* Debug */,
				F9902C19264171560040A656 /* Release */,
			);
			defaultConfigurationIsVisible = 0;
			defaultConfigurationName = Release;
		};
		F9902C1A264171560040A656 /* Build configuration list for PBXNativeTarget "SimpleSpeedometerUITests" */ = {
			isa = XCConfigurationList;
			buildConfigurations = (
				F9902C1B264171560040A656 /* Debug */,
				F9902C1C264171560040A656 /* Release */,
			);
			defaultConfigurationIsVisible = 0;
			defaultConfigurationName = Release;
		};
/* End XCConfigurationList section */

/* Begin XCVersionGroup section */
		F9902BF0264171540040A656 /* SimpleSpeedometer.xcdatamodeld */ = {
			isa = XCVersionGroup;
			children = (
				F9902BF1264171540040A656 /* SimpleSpeedometer.xcdatamodel */,
			);
			currentVersion = F9902BF1264171540040A656 /* SimpleSpeedometer.xcdatamodel */;
			path = SimpleSpeedometer.xcdatamodeld;
			sourceTree = "<group>";
			versionGroupType = wrapper.xcdatamodel;
		};
/* End XCVersionGroup section */
	};
	rootObject = F9902BDF264171530040A656 /* Project object */;
}
